// !$*UTF8*$!
{
	archiveVersion = 1;
	classes = {
	};
	objectVersion = 50;
	objects = {

/* Begin PBXBuildFile section */
		3C77804D24D2D0ED0053B987 /* AppDelegate.swift in Sources */ = {isa = PBXBuildFile; fileRef = 3C77804C24D2D0ED0053B987 /* AppDelegate.swift */; };
		3C77804F24D2D0ED0053B987 /* SceneDelegate.swift in Sources */ = {isa = PBXBuildFile; fileRef = 3C77804E24D2D0ED0053B987 /* SceneDelegate.swift */; };
		3C77805124D2D0ED0053B987 /* ViewController.swift in Sources */ = {isa = PBXBuildFile; fileRef = 3C77805024D2D0ED0053B987 /* ViewController.swift */; };
		3C77805424D2D0ED0053B987 /* Main.storyboard in Resources */ = {isa = PBXBuildFile; fileRef = 3C77805224D2D0ED0053B987 /* Main.storyboard */; };
		3C77805624D2D0ED0053B987 /* Assets.xcassets in Resources */ = {isa = PBXBuildFile; fileRef = 3C77805524D2D0ED0053B987 /* Assets.xcassets */; };
		3C77805924D2D0ED0053B987 /* LaunchScreen.storyboard in Resources */ = {isa = PBXBuildFile; fileRef = 3C77805724D2D0ED0053B987 /* LaunchScreen.storyboard */; };
		3C77806524D2D1310053B987 /* Beverage.swift in Sources */ = {isa = PBXBuildFile; fileRef = 3C77806424D2D1310053B987 /* Beverage.swift */; };
		3C77806724D2D16F0053B987 /* BeverageStock.swift in Sources */ = {isa = PBXBuildFile; fileRef = 3C77806624D2D16F0053B987 /* BeverageStock.swift */; };
		3C77806924D2D6B80053B987 /* InitalMoney.swift in Sources */ = {isa = PBXBuildFile; fileRef = 3C77806824D2D6B80053B987 /* InitalMoney.swift */; };
		3C77806B24D2D6D30053B987 /* MoneyStock.swift in Sources */ = {isa = PBXBuildFile; fileRef = 3C77806A24D2D6D30053B987 /* MoneyStock.swift */; };
/* End PBXBuildFile section */

/* Begin PBXFileReference section */
		3C77804924D2D0ED0053B987 /* VendingMachine.app */ = {isa = PBXFileReference; explicitFileType = wrapper.application; includeInIndex = 0; path = VendingMachine.app; sourceTree = BUILT_PRODUCTS_DIR; };
		3C77804C24D2D0ED0053B987 /* AppDelegate.swift */ = {isa = PBXFileReference; lastKnownFileType = sourcecode.swift; path = AppDelegate.swift; sourceTree = "<group>"; };
		3C77804E24D2D0ED0053B987 /* SceneDelegate.swift */ = {isa = PBXFileReference; lastKnownFileType = sourcecode.swift; path = SceneDelegate.swift; sourceTree = "<group>"; };
		3C77805024D2D0ED0053B987 /* ViewController.swift */ = {isa = PBXFileReference; lastKnownFileType = sourcecode.swift; path = ViewController.swift; sourceTree = "<group>"; };
		3C77805324D2D0ED0053B987 /* Base */ = {isa = PBXFileReference; lastKnownFileType = file.storyboard; name = Base; path = Base.lproj/Main.storyboard; sourceTree = "<group>"; };
		3C77805524D2D0ED0053B987 /* Assets.xcassets */ = {isa = PBXFileReference; lastKnownFileType = folder.assetcatalog; path = Assets.xcassets; sourceTree = "<group>"; };
		3C77805824D2D0ED0053B987 /* Base */ = {isa = PBXFileReference; lastKnownFileType = file.storyboard; name = Base; path = Base.lproj/LaunchScreen.storyboard; sourceTree = "<group>"; };
		3C77805A24D2D0ED0053B987 /* Info.plist */ = {isa = PBXFileReference; lastKnownFileType = text.plist.xml; path = Info.plist; sourceTree = "<group>"; };
		3C77806424D2D1310053B987 /* Beverage.swift */ = {isa = PBXFileReference; lastKnownFileType = sourcecode.swift; path = Beverage.swift; sourceTree = "<group>"; };
		3C77806624D2D16F0053B987 /* BeverageStock.swift */ = {isa = PBXFileReference; lastKnownFileType = sourcecode.swift; path = BeverageStock.swift; sourceTree = "<group>"; };
		3C77806824D2D6B80053B987 /* InitalMoney.swift */ = {isa = PBXFileReference; lastKnownFileType = sourcecode.swift; path = InitalMoney.swift; sourceTree = "<group>"; };
		3C77806A24D2D6D30053B987 /* MoneyStock.swift */ = {isa = PBXFileReference; lastKnownFileType = sourcecode.swift; path = MoneyStock.swift; sourceTree = "<group>"; };
/* End PBXFileReference section */

/* Begin PBXFrameworksBuildPhase section */
		3C77804624D2D0ED0053B987 /* Frameworks */ = {
			isa = PBXFrameworksBuildPhase;
			buildActionMask = 2147483647;
			files = (
			);
			runOnlyForDeploymentPostprocessing = 0;
		};
/* End PBXFrameworksBuildPhase section */

/* Begin PBXGroup section */
		3C77804024D2D0ED0053B987 = {
			isa = PBXGroup;
			children = (
				3C77804B24D2D0ED0053B987 /* VendingMachine */,
				3C77804A24D2D0ED0053B987 /* Products */,
			);
			sourceTree = "<group>";
		};
		3C77804A24D2D0ED0053B987 /* Products */ = {
			isa = PBXGroup;
			children = (
				3C77804924D2D0ED0053B987 /* VendingMachine.app */,
			);
			name = Products;
			sourceTree = "<group>";
		};
		3C77804B24D2D0ED0053B987 /* VendingMachine */ = {
			isa = PBXGroup;
			children = (
				3C77806324D2D10C0053B987 /* Controller */,
				3C77806224D2D1080053B987 /* View */,
				3C77806124D2D1000053B987 /* Model */,
				3C77804C24D2D0ED0053B987 /* AppDelegate.swift */,
				3C77804E24D2D0ED0053B987 /* SceneDelegate.swift */,
				3C77805524D2D0ED0053B987 /* Assets.xcassets */,
				3C77805724D2D0ED0053B987 /* LaunchScreen.storyboard */,
				3C77805A24D2D0ED0053B987 /* Info.plist */,
			);
			path = VendingMachine;
			sourceTree = "<group>";
		};
		3C77806124D2D1000053B987 /* Model */ = {
			isa = PBXGroup;
			children = (
				3C77806424D2D1310053B987 /* Beverage.swift */,
				3C77806624D2D16F0053B987 /* BeverageStock.swift */,
				3C77806824D2D6B80053B987 /* InitalMoney.swift */,
				3C77806A24D2D6D30053B987 /* MoneyStock.swift */,
			);
			path = Model;
			sourceTree = "<group>";
		};
		3C77806224D2D1080053B987 /* View */ = {
			isa = PBXGroup;
			children = (
				3C77805224D2D0ED0053B987 /* Main.storyboard */,
			);
			path = View;
			sourceTree = "<group>";
		};
		3C77806324D2D10C0053B987 /* Controller */ = {
			isa = PBXGroup;
			children = (
				3C77805024D2D0ED0053B987 /* ViewController.swift */,
			);
			path = Controller;
			sourceTree = "<group>";
		};
/* End PBXGroup section */

/* Begin PBXNativeTarget section */
		3C77804824D2D0ED0053B987 /* VendingMachine */ = {
			isa = PBXNativeTarget;
			buildConfigurationList = 3C77805D24D2D0ED0053B987 /* Build configuration list for PBXNativeTarget "VendingMachine" */;
			buildPhases = (
				3C77804524D2D0ED0053B987 /* Sources */,
				3C77804624D2D0ED0053B987 /* Frameworks */,
				3C77804724D2D0ED0053B987 /* Resources */,
			);
			buildRules = (
			);
			dependencies = (
			);
			name = VendingMachine;
			productName = VendingMachine;
			productReference = 3C77804924D2D0ED0053B987 /* VendingMachine.app */;
			productType = "com.apple.product-type.application";
		};
/* End PBXNativeTarget section */

/* Begin PBXProject section */
		3C77804124D2D0ED0053B987 /* Project object */ = {
			isa = PBXProject;
			attributes = {
				LastSwiftUpdateCheck = 1150;
				LastUpgradeCheck = 1150;
				ORGANIZATIONNAME = "Jin-Hyuck";
				TargetAttributes = {
					3C77804824D2D0ED0053B987 = {
						CreatedOnToolsVersion = 11.5;
					};
				};
			};
			buildConfigurationList = 3C77804424D2D0ED0053B987 /* Build configuration list for PBXProject "VendingMachine" */;
			compatibilityVersion = "Xcode 9.3";
			developmentRegion = en;
			hasScannedForEncodings = 0;
			knownRegions = (
				en,
				Base,
			);
			mainGroup = 3C77804024D2D0ED0053B987;
			productRefGroup = 3C77804A24D2D0ED0053B987 /* Products */;
			projectDirPath = "";
			projectRoot = "";
			targets = (
				3C77804824D2D0ED0053B987 /* VendingMachine */,
			);
		};
/* End PBXProject section */

/* Begin PBXResourcesBuildPhase section */
		3C77804724D2D0ED0053B987 /* Resources */ = {
			isa = PBXResourcesBuildPhase;
			buildActionMask = 2147483647;
			files = (
				3C77805924D2D0ED0053B987 /* LaunchScreen.storyboard in Resources */,
				3C77805624D2D0ED0053B987 /* Assets.xcassets in Resources */,
				3C77805424D2D0ED0053B987 /* Main.storyboard in Resources */,
			);
			runOnlyForDeploymentPostprocessing = 0;
		};
/* End PBXResourcesBuildPhase section */

/* Begin PBXSourcesBuildPhase section */
		3C77804524D2D0ED0053B987 /* Sources */ = {
			isa = PBXSourcesBuildPhase;
			buildActionMask = 2147483647;
			files = (
				3C77805124D2D0ED0053B987 /* ViewController.swift in Sources */,
				3C77806B24D2D6D30053B987 /* MoneyStock.swift in Sources */,
				3C77806924D2D6B80053B987 /* InitalMoney.swift in Sources */,
				3C77804D24D2D0ED0053B987 /* AppDelegate.swift in Sources */,
				3C77806524D2D1310053B987 /* Beverage.swift in Sources */,
				3C77804F24D2D0ED0053B987 /* SceneDelegate.swift in Sources */,
				3C77806724D2D16F0053B987 /* BeverageStock.swift in Sources */,
			);
			runOnlyForDeploymentPostprocessing = 0;
		};
/* End PBXSourcesBuildPhase section */

/* Begin PBXVariantGroup section */
		3C77805224D2D0ED0053B987 /* Main.storyboard */ = {
			isa = PBXVariantGroup;
			children = (
				3C77805324D2D0ED0053B987 /* Base */,
			);
			name = Main.storyboard;
			sourceTree = "<group>";
		};
		3C77805724D2D0ED0053B987 /* LaunchScreen.storyboard */ = {
			isa = PBXVariantGroup;
			children = (
				3C77805824D2D0ED0053B987 /* Base */,
			);
			name = LaunchScreen.storyboard;
			sourceTree = "<group>";
		};
/* End PBXVariantGroup section */

/* Begin XCBuildConfiguration section */
		3C77805B24D2D0ED0053B987 /* Debug */ = {
			isa = XCBuildConfiguration;
			buildSettings = {
				ALWAYS_SEARCH_USER_PATHS = NO;
				CLANG_ANALYZER_NONNULL = YES;
				CLANG_ANALYZER_NUMBER_OBJECT_CONVERSION = YES_AGGRESSIVE;
				CLANG_CXX_LANGUAGE_STANDARD = "gnu++14";
				CLANG_CXX_LIBRARY = "libc++";
				CLANG_ENABLE_MODULES = YES;
				CLANG_ENABLE_OBJC_ARC = YES;
				CLANG_ENABLE_OBJC_WEAK = YES;
				CLANG_WARN_BLOCK_CAPTURE_AUTORELEASING = YES;
				CLANG_WARN_BOOL_CONVERSION = YES;
				CLANG_WARN_COMMA = YES;
				CLANG_WARN_CONSTANT_CONVERSION = YES;
				CLANG_WARN_DEPRECATED_OBJC_IMPLEMENTATIONS = YES;
				CLANG_WARN_DIRECT_OBJC_ISA_USAGE = YES_ERROR;
				CLANG_WARN_DOCUMENTATION_COMMENTS = YES;
				CLANG_WARN_EMPTY_BODY = YES;
				CLANG_WARN_ENUM_CONVERSION = YES;
				CLANG_WARN_INFINITE_RECURSION = YES;
				CLANG_WARN_INT_CONVERSION = YES;
				CLANG_WARN_NON_LITERAL_NULL_CONVERSION = YES;
				CLANG_WARN_OBJC_IMPLICIT_RETAIN_SELF = YES;
				CLANG_WARN_OBJC_LITERAL_CONVERSION = YES;
				CLANG_WARN_OBJC_ROOT_CLASS = YES_ERROR;
				CLANG_WARN_RANGE_LOOP_ANALYSIS = YES;
				CLANG_WARN_STRICT_PROTOTYPES = YES;
				CLANG_WARN_SUSPICIOUS_MOVE = YES;
				CLANG_WARN_UNGUARDED_AVAILABILITY = YES_AGGRESSIVE;
				CLANG_WARN_UNREACHABLE_CODE = YES;
				CLANG_WARN__DUPLICATE_METHOD_MATCH = YES;
				COPY_PHASE_STRIP = NO;
				DEBUG_INFORMATION_FORMAT = dwarf;
				ENABLE_STRICT_OBJC_MSGSEND = YES;
				ENABLE_TESTABILITY = YES;
				GCC_C_LANGUAGE_STANDARD = gnu11;
				GCC_DYNAMIC_NO_PIC = NO;
				GCC_NO_COMMON_BLOCKS = YES;
				GCC_OPTIMIZATION_LEVEL = 0;
				GCC_PREPROCESSOR_DEFINITIONS = (
					"DEBUG=1",
					"$(inherited)",
				);
				GCC_WARN_64_TO_32_BIT_CONVERSION = YES;
				GCC_WARN_ABOUT_RETURN_TYPE = YES_ERROR;
				GCC_WARN_UNDECLARED_SELECTOR = YES;
				GCC_WARN_UNINITIALIZED_AUTOS = YES_AGGRESSIVE;
				GCC_WARN_UNUSED_FUNCTION = YES;
				GCC_WARN_UNUSED_VARIABLE = YES;
				IPHONEOS_DEPLOYMENT_TARGET = 13.5;
				MTL_ENABLE_DEBUG_INFO = INCLUDE_SOURCE;
				MTL_FAST_MATH = YES;
				ONLY_ACTIVE_ARCH = YES;
				SDKROOT = iphoneos;
				SWIFT_ACTIVE_COMPILATION_CONDITIONS = DEBUG;
				SWIFT_OPTIMIZATION_LEVEL = "-Onone";
			};
			name = Debug;
		};
		3C77805C24D2D0ED0053B987 /* Release */ = {
			isa = XCBuildConfiguration;
			buildSettings = {
				ALWAYS_SEARCH_USER_PATHS = NO;
				CLANG_ANALYZER_NONNULL = YES;
				CLANG_ANALYZER_NUMBER_OBJECT_CONVERSION = YES_AGGRESSIVE;
				CLANG_CXX_LANGUAGE_STANDARD = "gnu++14";
				CLANG_CXX_LIBRARY = "libc++";
				CLANG_ENABLE_MODULES = YES;
				CLANG_ENABLE_OBJC_ARC = YES;
				CLANG_ENABLE_OBJC_WEAK = YES;
				CLANG_WARN_BLOCK_CAPTURE_AUTORELEASING = YES;
				CLANG_WARN_BOOL_CONVERSION = YES;
				CLANG_WARN_COMMA = YES;
				CLANG_WARN_CONSTANT_CONVERSION = YES;
				CLANG_WARN_DEPRECATED_OBJC_IMPLEMENTATIONS = YES;
				CLANG_WARN_DIRECT_OBJC_ISA_USAGE = YES_ERROR;
				CLANG_WARN_DOCUMENTATION_COMMENTS = YES;
				CLANG_WARN_EMPTY_BODY = YES;
				CLANG_WARN_ENUM_CONVERSION = YES;
				CLANG_WARN_INFINITE_RECURSION = YES;
				CLANG_WARN_INT_CONVERSION = YES;
				CLANG_WARN_NON_LITERAL_NULL_CONVERSION = YES;
				CLANG_WARN_OBJC_IMPLICIT_RETAIN_SELF = YES;
				CLANG_WARN_OBJC_LITERAL_CONVERSION = YES;
				CLANG_WARN_OBJC_ROOT_CLASS = YES_ERROR;
				CLANG_WARN_RANGE_LOOP_ANALYSIS = YES;
				CLANG_WARN_STRICT_PROTOTYPES = YES;
				CLANG_WARN_SUSPICIOUS_MOVE = YES;
				CLANG_WARN_UNGUARDED_AVAILABILITY = YES_AGGRESSIVE;
				CLANG_WARN_UNREACHABLE_CODE = YES;
				CLANG_WARN__DUPLICATE_METHOD_MATCH = YES;
				COPY_PHASE_STRIP = NO;
				DEBUG_INFORMATION_FORMAT = "dwarf-with-dsym";
				ENABLE_NS_ASSERTIONS = NO;
				ENABLE_STRICT_OBJC_MSGSEND = YES;
				GCC_C_LANGUAGE_STANDARD = gnu11;
				GCC_NO_COMMON_BLOCKS = YES;
				GCC_WARN_64_TO_32_BIT_CONVERSION = YES;
				GCC_WARN_ABOUT_RETURN_TYPE = YES_ERROR;
				GCC_WARN_UNDECLARED_SELECTOR = YES;
				GCC_WARN_UNINITIALIZED_AUTOS = YES_AGGRESSIVE;
				GCC_WARN_UNUSED_FUNCTION = YES;
				GCC_WARN_UNUSED_VARIABLE = YES;
				IPHONEOS_DEPLOYMENT_TARGET = 13.5;
				MTL_ENABLE_DEBUG_INFO = NO;
				MTL_FAST_MATH = YES;
				SDKROOT = iphoneos;
				SWIFT_COMPILATION_MODE = wholemodule;
				SWIFT_OPTIMIZATION_LEVEL = "-O";
				VALIDATE_PRODUCT = YES;
			};
			name = Release;
		};
		3C77805E24D2D0ED0053B987 /* Debug */ = {
			isa = XCBuildConfiguration;
			buildSettings = {
				ASSETCATALOG_COMPILER_APPICON_NAME = AppIcon;
				CODE_SIGN_STYLE = Automatic;
				INFOPLIST_FILE = VendingMachine/Info.plist;
				LD_RUNPATH_SEARCH_PATHS = (
					"$(inherited)",
					"@executable_path/Frameworks",
				);
				PRODUCT_BUNDLE_IDENTIFIER = com.jhstudio.VendingMachine;
				PRODUCT_NAME = "$(TARGET_NAME)";
				SWIFT_VERSION = 5.0;
				TARGETED_DEVICE_FAMILY = "1,2";
			};
			name = Debug;
		};
		3C77805F24D2D0ED0053B987 /* Release */ = {
			isa = XCBuildConfiguration;
			buildSettings = {
				ASSETCATALOG_COMPILER_APPICON_NAME = AppIcon;
				CODE_SIGN_STYLE = Automatic;
				INFOPLIST_FILE = VendingMachine/Info.plist;
				LD_RUNPATH_SEARCH_PATHS = (
					"$(inherited)",
					"@executable_path/Frameworks",
				);
				PRODUCT_BUNDLE_IDENTIFIER = com.jhstudio.VendingMachine;
				PRODUCT_NAME = "$(TARGET_NAME)";
				SWIFT_VERSION = 5.0;
				TARGETED_DEVICE_FAMILY = "1,2";
			};
			name = Release;
		};
/* End XCBuildConfiguration section */

/* Begin XCConfigurationList section */
		3C77804424D2D0ED0053B987 /* Build configuration list for PBXProject "VendingMachine" */ = {
			isa = XCConfigurationList;
			buildConfigurations = (
				3C77805B24D2D0ED0053B987 /* Debug */,
				3C77805C24D2D0ED0053B987 /* Release */,
			);
			defaultConfigurationIsVisible = 0;
			defaultConfigurationName = Release;
		};
		3C77805D24D2D0ED0053B987 /* Build configuration list for PBXNativeTarget "VendingMachine" */ = {
			isa = XCConfigurationList;
			buildConfigurations = (
				3C77805E24D2D0ED0053B987 /* Debug */,
				3C77805F24D2D0ED0053B987 /* Release */,
			);
			defaultConfigurationIsVisible = 0;
			defaultConfigurationName = Release;
		};
/* End XCConfigurationList section */
	};
	rootObject = 3C77804124D2D0ED0053B987 /* Project object */;
}
